
Microsoft Visual Studio Solution File, Format Version 12.00
# Visual Studio Version 17
VisualStudioVersion = 17.9.34622.214
MinimumVisualStudioVersion = 10.0.40219.1
Project("{FAE04EC0-301F-11D3-BF4B-00C04F79EFBC}") = "Tienda Video Juegos", "Tienda Video Juegos\Tienda Video Juegos.csproj", "{3E5E22C5-6C46-4AF1-BC82-C6B4CC7D6C20}"
EndProject
Global
	GlobalSection(SolutionConfigurationPlatforms) = preSolution
		Debug|Any CPU = Debug|Any CPU
		Release|Any CPU = Release|Any CPU
	EndGlobalSection
	GlobalSection(ProjectConfigurationPlatforms) = postSolution
		{3E5E22C5-6C46-4AF1-BC82-C6B4CC7D6C20}.Debug|Any CPU.ActiveCfg = Debug|Any CPU
		{3E5E22C5-6C46-4AF1-BC82-C6B4CC7D6C20}.Debug|Any CPU.Build.0 = Debug|Any CPU
		{3E5E22C5-6C46-4AF1-BC82-C6B4CC7D6C20}.Release|Any CPU.ActiveCfg = Release|Any CPU
		{3E5E22C5-6C46-4AF1-BC82-C6B4CC7D6C20}.Release|Any CPU.Build.0 = Release|Any CPU
	EndGlobalSection
	GlobalSection(SolutionProperties) = preSolution
		HideSolutionNode = FALSE
	EndGlobalSection
	GlobalSection(ExtensibilityGlobals) = postSolution
		SolutionGuid = {D515122E-E755-4061-819F-B9F28B843F4D}
	EndGlobalSection
EndGlobal
